
Microsoft Visual Studio Solution File, Format Version 12.00
# Visual Studio 15
VisualStudioVersion = 15.0.27130.2010
MinimumVisualStudioVersion = 10.0.40219.1
Project("{FAE04EC0-301F-11D3-BF4B-00C04F79EFBC}") = "holamundo", "holamundo\holamundo.csproj", "{B9AA5C87-1EC0-451E-AA5A-15C459076D58}"
EndProject
Global
	GlobalSection(SolutionConfigurationPlatforms) = preSolution
		Debug|Any CPU = Debug|Any CPU
		Release|Any CPU = Release|Any CPU
	EndGlobalSection
	GlobalSection(ProjectConfigurationPlatforms) = postSolution
		{B9AA5C87-1EC0-451E-AA5A-15C459076D58}.Debug|Any CPU.ActiveCfg = Debug|Any CPU
		{B9AA5C87-1EC0-451E-AA5A-15C459076D58}.Debug|Any CPU.Build.0 = Debug|Any CPU
		{B9AA5C87-1EC0-451E-AA5A-15C459076D58}.Release|Any CPU.ActiveCfg = Release|Any CPU
		{B9AA5C87-1EC0-451E-AA5A-15C459076D58}.Release|Any CPU.Build.0 = Release|Any CPU
	EndGlobalSection
	GlobalSection(SolutionProperties) = preSolution
		HideSolutionNode = FALSE
	EndGlobalSection
	GlobalSection(ExtensibilityGlobals) = postSolution
		SolutionGuid = {BAE21A44-94C0-431B-A3AC-8BD4BC7F7F13}
	EndGlobalSection
EndGlobal
