
Microsoft Visual Studio Solution File, Format Version 12.00
# Visual Studio 15
VisualStudioVersion = 15.0.27130.2024
MinimumVisualStudioVersion = 10.0.40219.1
Project("{FAE04EC0-301F-11D3-BF4B-00C04F79EFBC}") = "ExamenAplicada1", "ExamenAplicada1\ExamenAplicada1.csproj", "{97DE9205-F188-47EF-91FE-AA6C588E3EC7}"
EndProject
Global
	GlobalSection(SolutionConfigurationPlatforms) = preSolution
		Debug|Any CPU = Debug|Any CPU
		Release|Any CPU = Release|Any CPU
	EndGlobalSection
	GlobalSection(ProjectConfigurationPlatforms) = postSolution
		{97DE9205-F188-47EF-91FE-AA6C588E3EC7}.Debug|Any CPU.ActiveCfg = Debug|Any CPU
		{97DE9205-F188-47EF-91FE-AA6C588E3EC7}.Debug|Any CPU.Build.0 = Debug|Any CPU
		{97DE9205-F188-47EF-91FE-AA6C588E3EC7}.Release|Any CPU.ActiveCfg = Release|Any CPU
		{97DE9205-F188-47EF-91FE-AA6C588E3EC7}.Release|Any CPU.Build.0 = Release|Any CPU
	EndGlobalSection
	GlobalSection(SolutionProperties) = preSolution
		HideSolutionNode = FALSE
	EndGlobalSection
	GlobalSection(ExtensibilityGlobals) = postSolution
		SolutionGuid = {0CB51CA6-3B35-48F8-BC57-5C21E2DA8C1B}
	EndGlobalSection
EndGlobal
