
Microsoft Visual Studio Solution File, Format Version 12.00
# Visual Studio 15
VisualStudioVersion = 15.0.27130.2036
MinimumVisualStudioVersion = 10.0.40219.1
Project("{FAE04EC0-301F-11D3-BF4B-00C04F79EFBC}") = "benifu", "benifu\benifu.csproj", "{8EDD0F19-A423-4BDB-8E2E-0C43DFABC982}"
EndProject
Global
	GlobalSection(SolutionConfigurationPlatforms) = preSolution
		Debug|Any CPU = Debug|Any CPU
		Release|Any CPU = Release|Any CPU
	EndGlobalSection
	GlobalSection(ProjectConfigurationPlatforms) = postSolution
		{8EDD0F19-A423-4BDB-8E2E-0C43DFABC982}.Debug|Any CPU.ActiveCfg = Debug|Any CPU
		{8EDD0F19-A423-4BDB-8E2E-0C43DFABC982}.Debug|Any CPU.Build.0 = Debug|Any CPU
		{8EDD0F19-A423-4BDB-8E2E-0C43DFABC982}.Release|Any CPU.ActiveCfg = Release|Any CPU
		{8EDD0F19-A423-4BDB-8E2E-0C43DFABC982}.Release|Any CPU.Build.0 = Release|Any CPU
	EndGlobalSection
	GlobalSection(SolutionProperties) = preSolution
		HideSolutionNode = FALSE
	EndGlobalSection
	GlobalSection(ExtensibilityGlobals) = postSolution
		SolutionGuid = {A23F9FAD-CECF-4C57-B3EF-9A9F63601044}
	EndGlobalSection
EndGlobal
