
Microsoft Visual Studio Solution File, Format Version 12.00
# Visual Studio 15
VisualStudioVersion = 15.0.27130.2010
MinimumVisualStudioVersion = 10.0.40219.1
Project("{FAE04EC0-301F-11D3-BF4B-00C04F79EFBC}") = "Aplicada3", "Aplicada3\Aplicada3.csproj", "{AD8F4B0A-345D-4619-85E8-63637B7879CC}"
EndProject
Global
	GlobalSection(SolutionConfigurationPlatforms) = preSolution
		Debug|Any CPU = Debug|Any CPU
		Release|Any CPU = Release|Any CPU
	EndGlobalSection
	GlobalSection(ProjectConfigurationPlatforms) = postSolution
		{AD8F4B0A-345D-4619-85E8-63637B7879CC}.Debug|Any CPU.ActiveCfg = Debug|Any CPU
		{AD8F4B0A-345D-4619-85E8-63637B7879CC}.Debug|Any CPU.Build.0 = Debug|Any CPU
		{AD8F4B0A-345D-4619-85E8-63637B7879CC}.Release|Any CPU.ActiveCfg = Release|Any CPU
		{AD8F4B0A-345D-4619-85E8-63637B7879CC}.Release|Any CPU.Build.0 = Release|Any CPU
	EndGlobalSection
	GlobalSection(SolutionProperties) = preSolution
		HideSolutionNode = FALSE
	EndGlobalSection
	GlobalSection(ExtensibilityGlobals) = postSolution
		SolutionGuid = {A64708FD-602F-423B-B0BB-426831AE96E8}
	EndGlobalSection
EndGlobal
