
Microsoft Visual Studio Solution File, Format Version 12.00
# Visual Studio 15
VisualStudioVersion = 15.0.27130.2010
MinimumVisualStudioVersion = 10.0.40219.1
Project("{FAE04EC0-301F-11D3-BF4B-00C04F79EFBC}") = "MyAplication1", "MyAplication1\MyAplication1.csproj", "{86632E54-E083-40C2-BD84-8E4B314E6A56}"
EndProject
Global
	GlobalSection(SolutionConfigurationPlatforms) = preSolution
		Debug|Any CPU = Debug|Any CPU
		Release|Any CPU = Release|Any CPU
	EndGlobalSection
	GlobalSection(ProjectConfigurationPlatforms) = postSolution
		{86632E54-E083-40C2-BD84-8E4B314E6A56}.Debug|Any CPU.ActiveCfg = Debug|Any CPU
		{86632E54-E083-40C2-BD84-8E4B314E6A56}.Debug|Any CPU.Build.0 = Debug|Any CPU
		{86632E54-E083-40C2-BD84-8E4B314E6A56}.Release|Any CPU.ActiveCfg = Release|Any CPU
		{86632E54-E083-40C2-BD84-8E4B314E6A56}.Release|Any CPU.Build.0 = Release|Any CPU
	EndGlobalSection
	GlobalSection(SolutionProperties) = preSolution
		HideSolutionNode = FALSE
	EndGlobalSection
	GlobalSection(ExtensibilityGlobals) = postSolution
		SolutionGuid = {66E18E99-6DC0-4582-B655-BA8C32063FFB}
	EndGlobalSection
EndGlobal
