
Microsoft Visual Studio Solution File, Format Version 12.00
# Visual Studio 15
VisualStudioVersion = 15.0.27130.2036
MinimumVisualStudioVersion = 10.0.40219.1
Project("{FAE04EC0-301F-11D3-BF4B-00C04F79EFBC}") = "LewisVentas", "LewisVentas\LewisVentas.csproj", "{A607CCF0-EDA5-4159-9542-6A03834F0133}"
EndProject
Global
	GlobalSection(SolutionConfigurationPlatforms) = preSolution
		Debug|Any CPU = Debug|Any CPU
		Release|Any CPU = Release|Any CPU
	EndGlobalSection
	GlobalSection(ProjectConfigurationPlatforms) = postSolution
		{A607CCF0-EDA5-4159-9542-6A03834F0133}.Debug|Any CPU.ActiveCfg = Debug|Any CPU
		{A607CCF0-EDA5-4159-9542-6A03834F0133}.Debug|Any CPU.Build.0 = Debug|Any CPU
		{A607CCF0-EDA5-4159-9542-6A03834F0133}.Release|Any CPU.ActiveCfg = Release|Any CPU
		{A607CCF0-EDA5-4159-9542-6A03834F0133}.Release|Any CPU.Build.0 = Release|Any CPU
	EndGlobalSection
	GlobalSection(SolutionProperties) = preSolution
		HideSolutionNode = FALSE
	EndGlobalSection
	GlobalSection(ExtensibilityGlobals) = postSolution
		SolutionGuid = {59D8A151-3E7C-4AF0-BAD9-2D103DC5F973}
	EndGlobalSection
EndGlobal
